{"1.1.0",
[{<<"cli">>,
  {git,"https://github.com/terry-xiaoyu/erlang-cli.git",
       {ref,"2d6d5093286708ff2332846700fa3335abefcb27"}},
  0},
 {<<"cowlib">>,{pkg,<<"cowlib">>,<<"2.6.0">>},2},
 {<<"emqtt">>,
  {git,"https://github.com/emqx/emqtt",
       {ref,"54e43116feba6fd7bc9c43c72cdebf93be79fa73"}},
  0},
 {<<"getopt">>,{pkg,<<"getopt">>,<<"1.0.1">>},0},
 {<<"gun">>,{pkg,<<"gun">>,<<"1.3.0">>},1},
 {<<"jsx">>,
  {git,"https://github.com/talentdeficit/jsx.git",
       {ref,"b1289a16ae3fed51b9f722cbfb6f412c3131f540"}},
  0},
 {<<"lwm2m_coap">>,
  {git,"https://github.com/emqx/lwm2m-coap",
       {ref,"d285de17278e67f15457c52c88aa3f0a6b7348ee"}},
  0},
 {<<"quickrand">>,
  {git,"https://github.com/okeuday/quickrand.git",
       {ref,"dafe374adcfed19a2a65f6acc2945e661a6802bc"}},
  1},
 {<<"uuid">>,
  {git,"https://github.com/okeuday/uuid",
       {ref,"115c1a437d570c8e952e96a04d345f85194e44fc"}},
  0}]}.
[
{pkg_hash,[
 {<<"cowlib">>, <<"8AA629F81A0FC189F261DC98A42243FA842625FEEA3C7EC56C48F4CCDB55490F">>},
 {<<"getopt">>, <<"C73A9FA687B217F2FF79F68A3B637711BB1936E712B521D8CE466B29CBF7808A">>},
 {<<"gun">>, <<"18E5D269649C987AF95AEC309F68A27FFC3930531DD227A6EAA0884D6684286E">>}]}
].
