[{<<"cli">>,
  {git,"https://github.com/terry-xiaoyu/erlang-cli.git",
       {ref,"2d6d5093286708ff2332846700fa3335abefcb27"}},
  0},
 {<<"jsx">>,
  {git,"https://github.com/talentdeficit/jsx.git",
       {ref,"b1289a16ae3fed51b9f722cbfb6f412c3131f540"}},
  0},
 {<<"lwm2m_coap">>,
  {git,"https://github.com/emqx/lwm2m-coap",
       {ref,"d285de17278e67f15457c52c88aa3f0a6b7348ee"}},
  0},
 {<<"quickrand">>,
  {git,"https://github.com/okeuday/quickrand.git",
       {ref,"dafe374adcfed19a2a65f6acc2945e661a6802bc"}},
  1},
 {<<"uuid">>,
  {git,"https://github.com/okeuday/uuid",
       {ref,"115c1a437d570c8e952e96a04d345f85194e44fc"}},
  0}].
